// !$*UTF8*$!
{
	archiveVersion = 1;
	classes = {
	};
	objectVersion = 77;
	objects = {

/* Begin PBXContainerItemProxy section */
		2F1CB38A2DB1F1E400EE16A4 /* PBXContainerItemProxy */ = {
			isa = PBXContainerItemProxy;
			containerPortal = 2F1CB3742DB1F1E300EE16A4 /* Project object */;
			proxyType = 1;
			remoteGlobalIDString = 2F1CB37B2DB1F1E300EE16A4;
			remoteInfo = Monikers;
		};
		2F1CB3942DB1F1E400EE16A4 /* PBXContainerItemProxy */ = {
			isa = PBXContainerItemProxy;
			containerPortal = 2F1CB3742DB1F1E300EE16A4 /* Project object */;
			proxyType = 1;
			remoteGlobalIDString = 2F1CB37B2DB1F1E300EE16A4;
			remoteInfo = Monikers;
		};
/* End PBXContainerItemProxy section */

/* Begin PBXFileReference section */
		2F1CB37C2DB1F1E300EE16A4 /* Monikers.app */ = {isa = PBXFileReference; explicitFileType = wrapper.application; includeInIndex = 0; path = Monikers.app; sourceTree = BUILT_PRODUCTS_DIR; };
		2F1CB3892DB1F1E400EE16A4 /* MonikersTests.xctest */ = {isa = PBXFileReference; explicitFileType = wrapper.cfbundle; includeInIndex = 0; path = MonikersTests.xctest; sourceTree = BUILT_PRODUCTS_DIR; };
		2F1CB3932DB1F1E400EE16A4 /* MonikersUITests.xctest */ = {isa = PBXFileReference; explicitFileType = wrapper.cfbundle; includeInIndex = 0; path = MonikersUITests.xctest; sourceTree = BUILT_PRODUCTS_DIR; };
/* End PBXFileReference section */

/* Begin PBXFileSystemSynchronizedRootGroup section */
		2F1CB37E2DB1F1E300EE16A4 /* Monikers */ = {
			isa = PBXFileSystemSynchronizedRootGroup;
			path = Monikers;
			sourceTree = "<group>";
		};
		2F1CB38C2DB1F1E400EE16A4 /* MonikersTests */ = {
			isa = PBXFileSystemSynchronizedRootGroup;
			path = MonikersTests;
			sourceTree = "<group>";
		};
		2F1CB3962DB1F1E400EE16A4 /* MonikersUITests */ = {
			isa = PBXFileSystemSynchronizedRootGroup;
			path = MonikersUITests;
			sourceTree = "<group>";
		};
/* End PBXFileSystemSynchronizedRootGroup section */

/* Begin PBXFrameworksBuildPhase section */
		2F1CB3792DB1F1E300EE16A4 /* Frameworks */ = {
			isa = PBXFrameworksBuildPhase;
			buildActionMask = 2147483647;
			files = (
			);
			runOnlyForDeploymentPostprocessing = 0;
		};
		2F1CB3862DB1F1E400EE16A4 /* Frameworks */ = {
			isa = PBXFrameworksBuildPhase;
			buildActionMask = 2147483647;
			files = (
			);
			runOnlyForDeploymentPostprocessing = 0;
		};
		2F1CB3902DB1F1E400EE16A4 /* Frameworks */ = {
			isa = PBXFrameworksBuildPhase;
			buildActionMask = 2147483647;
			files = (
			);
			runOnlyForDeploymentPostprocessing = 0;
		};
/* End PBXFrameworksBuildPhase section */

/* Begin PBXGroup section */
		2F1CB3732DB1F1E300EE16A4 = {
			isa = PBXGroup;
			children = (
				2F1CB37E2DB1F1E300EE16A4 /* Monikers */,
				2F1CB38C2DB1F1E400EE16A4 /* MonikersTests */,
				2F1CB3962DB1F1E400EE16A4 /* MonikersUITests */,
				2F1CB37D2DB1F1E300EE16A4 /* Products */,
			);
			sourceTree = "<group>";
		};
		2F1CB37D2DB1F1E300EE16A4 /* Products */ = {
			isa = PBXGroup;
			children = (
				2F1CB37C2DB1F1E300EE16A4 /* Monikers.app */,
				2F1CB3892DB1F1E400EE16A4 /* MonikersTests.xctest */,
				2F1CB3932DB1F1E400EE16A4 /* MonikersUITests.xctest */,
			);
			name = Products;
			sourceTree = "<group>";
		};
/* End PBXGroup section */

/* Begin PBXNativeTarget section */
		2F1CB37B2DB1F1E300EE16A4 /* Monikers */ = {
			isa = PBXNativeTarget;
			buildConfigurationList = 2F1CB39D2DB1F1E400EE16A4 /* Build configuration list for PBXNativeTarget "Monikers" */;
			buildPhases = (
				2F1CB3782DB1F1E300EE16A4 /* Sources */,
				2F1CB3792DB1F1E300EE16A4 /* Frameworks */,
				2F1CB37A2DB1F1E300EE16A4 /* Resources */,
			);
			buildRules = (
			);
			dependencies = (
			);
			fileSystemSynchronizedGroups = (
				2F1CB37E2DB1F1E300EE16A4 /* Monikers */,
			);
			name = Monikers;
			packageProductDependencies = (
			);
			productName = Monikers;
			productReference = 2F1CB37C2DB1F1E300EE16A4 /* Monikers.app */;
			productType = "com.apple.product-type.application";
		};
		2F1CB3882DB1F1E400EE16A4 /* MonikersTests */ = {
			isa = PBXNativeTarget;
			buildConfigurationList = 2F1CB3A02DB1F1E400EE16A4 /* Build configuration list for PBXNativeTarget "MonikersTests" */;
			buildPhases = (
				2F1CB3852DB1F1E400EE16A4 /* Sources */,
				2F1CB3862DB1F1E400EE16A4 /* Frameworks */,
				2F1CB3872DB1F1E400EE16A4 /* Resources */,
			);
			buildRules = (
			);
			dependencies = (
				2F1CB38B2DB1F1E400EE16A4 /* PBXTargetDependency */,
			);
			fileSystemSynchronizedGroups = (
				2F1CB38C2DB1F1E400EE16A4 /* MonikersTests */,
			);
			name = MonikersTests;
			packageProductDependencies = (
			);
			productName = MonikersTests;
			productReference = 2F1CB3892DB1F1E400EE16A4 /* MonikersTests.xctest */;
			productType = "com.apple.product-type.bundle.unit-test";
		};
		2F1CB3922DB1F1E400EE16A4 /* MonikersUITests */ = {
			isa = PBXNativeTarget;
			buildConfigurationList = 2F1CB3A32DB1F1E400EE16A4 /* Build configuration list for PBXNativeTarget "MonikersUITests" */;
			buildPhases = (
				2F1CB38F2DB1F1E400EE16A4 /* Sources */,
				2F1CB3902DB1F1E400EE16A4 /* Frameworks */,
				2F1CB3912DB1F1E400EE16A4 /* Resources */,
			);
			buildRules = (
			);
			dependencies = (
				2F1CB3952DB1F1E400EE16A4 /* PBXTargetDependency */,
			);
			fileSystemSynchronizedGroups = (
				2F1CB3962DB1F1E400EE16A4 /* MonikersUITests */,
			);
			name = MonikersUITests;
			packageProductDependencies = (
			);
			productName = MonikersUITests;
			productReference = 2F1CB3932DB1F1E400EE16A4 /* MonikersUITests.xctest */;
			productType = "com.apple.product-type.bundle.ui-testing";
		};
/* End PBXNativeTarget section */

/* Begin PBXProject section */
		2F1CB3742DB1F1E300EE16A4 /* Project object */ = {
			isa = PBXProject;
			attributes = {
				BuildIndependentTargetsInParallel = 1;
				LastSwiftUpdateCheck = 1630;
				LastUpgradeCheck = 1630;
				TargetAttributes = {
					2F1CB37B2DB1F1E300EE16A4 = {
						CreatedOnToolsVersion = 16.3;
					};
					2F1CB3882DB1F1E400EE16A4 = {
						CreatedOnToolsVersion = 16.3;
						TestTargetID = 2F1CB37B2DB1F1E300EE16A4;
					};
					2F1CB3922DB1F1E400EE16A4 = {
						CreatedOnToolsVersion = 16.3;
						TestTargetID = 2F1CB37B2DB1F1E300EE16A4;
					};
				};
			};
			buildConfigurationList = 2F1CB3772DB1F1E300EE16A4 /* Build configuration list for PBXProject "Monikers" */;
			developmentRegion = en;
			hasScannedForEncodings = 0;
			knownRegions = (
				en,
				Base,
			);
			mainGroup = 2F1CB3732DB1F1E300EE16A4;
			minimizedProjectReferenceProxies = 1;
			preferredProjectObjectVersion = 77;
			productRefGroup = 2F1CB37D2DB1F1E300EE16A4 /* Products */;
			projectDirPath = "";
			projectRoot = "";
			targets = (
				2F1CB37B2DB1F1E300EE16A4 /* Monikers */,
				2F1CB3882DB1F1E400EE16A4 /* MonikersTests */,
				2F1CB3922DB1F1E400EE16A4 /* MonikersUITests */,
			);
		};
/* End PBXProject section */

/* Begin PBXResourcesBuildPhase section */
		2F1CB37A2DB1F1E300EE16A4 /* Resources */ = {
			isa = PBXResourcesBuildPhase;
			buildActionMask = 2147483647;
			files = (
			);
			runOnlyForDeploymentPostprocessing = 0;
		};
		2F1CB3872DB1F1E400EE16A4 /* Resources */ = {
			isa = PBXResourcesBuildPhase;
			buildActionMask = 2147483647;
			files = (
			);
			runOnlyForDeploymentPostprocessing = 0;
		};
		2F1CB3912DB1F1E400EE16A4 /* Resources */ = {
			isa = PBXResourcesBuildPhase;
			buildActionMask = 2147483647;
			files = (
			);
			runOnlyForDeploymentPostprocessing = 0;
		};
/* End PBXResourcesBuildPhase section */

/* Begin PBXSourcesBuildPhase section */
		2F1CB3782DB1F1E300EE16A4 /* Sources */ = {
			isa = PBXSourcesBuildPhase;
			buildActionMask = 2147483647;
			files = (
			);
			runOnlyForDeploymentPostprocessing = 0;
		};
		2F1CB3852DB1F1E400EE16A4 /* Sources */ = {
			isa = PBXSourcesBuildPhase;
			buildActionMask = 2147483647;
			files = (
			);
			runOnlyForDeploymentPostprocessing = 0;
		};
		2F1CB38F2DB1F1E400EE16A4 /* Sources */ = {
			isa = PBXSourcesBuildPhase;
			buildActionMask = 2147483647;
			files = (
			);
			runOnlyForDeploymentPostprocessing = 0;
		};
/* End PBXSourcesBuildPhase section */

/* Begin PBXTargetDependency section */
		2F1CB38B2DB1F1E400EE16A4 /* PBXTargetDependency */ = {
			isa = PBXTargetDependency;
			target = 2F1CB37B2DB1F1E300EE16A4 /* Monikers */;
			targetProxy = 2F1CB38A2DB1F1E400EE16A4 /* PBXContainerItemProxy */;
		};
		2F1CB3952DB1F1E400EE16A4 /* PBXTargetDependency */ = {
			isa = PBXTargetDependency;
			target = 2F1CB37B2DB1F1E300EE16A4 /* Monikers */;
			targetProxy = 2F1CB3942DB1F1E400EE16A4 /* PBXContainerItemProxy */;
		};
/* End PBXTargetDependency section */

/* Begin XCBuildConfiguration section */
		2F1CB39B2DB1F1E400EE16A4 /* Debug */ = {
			isa = XCBuildConfiguration;
			buildSettings = {
				ALWAYS_SEARCH_USER_PATHS = NO;
				ASSETCATALOG_COMPILER_GENERATE_SWIFT_ASSET_SYMBOL_EXTENSIONS = YES;
				CLANG_ANALYZER_NONNULL = YES;
				CLANG_ANALYZER_NUMBER_OBJECT_CONVERSION = YES_AGGRESSIVE;
				CLANG_CXX_LANGUAGE_STANDARD = "gnu++20";
				CLANG_ENABLE_MODULES = YES;
				CLANG_ENABLE_OBJC_ARC = YES;
				CLANG_ENABLE_OBJC_WEAK = YES;
				CLANG_WARN_BLOCK_CAPTURE_AUTORELEASING = YES;
				CLANG_WARN_BOOL_CONVERSION = YES;
				CLANG_WARN_COMMA = YES;
				CLANG_WARN_CONSTANT_CONVERSION = YES;
				CLANG_WARN_DEPRECATED_OBJC_IMPLEMENTATIONS = YES;
				CLANG_WARN_DIRECT_OBJC_ISA_USAGE = YES_ERROR;
				CLANG_WARN_DOCUMENTATION_COMMENTS = YES;
				CLANG_WARN_EMPTY_BODY = YES;
				CLANG_WARN_ENUM_CONVERSION = YES;
				CLANG_WARN_INFINITE_RECURSION = YES;
				CLANG_WARN_INT_CONVERSION = YES;
				CLANG_WARN_NON_LITERAL_NULL_CONVERSION = YES;
				CLANG_WARN_OBJC_IMPLICIT_RETAIN_SELF = YES;
				CLANG_WARN_OBJC_LITERAL_CONVERSION = YES;
				CLANG_WARN_OBJC_ROOT_CLASS = YES_ERROR;
				CLANG_WARN_QUOTED_INCLUDE_IN_FRAMEWORK_HEADER = YES;
				CLANG_WARN_RANGE_LOOP_ANALYSIS = YES;
				CLANG_WARN_STRICT_PROTOTYPES = YES;
				CLANG_WARN_SUSPICIOUS_MOVE = YES;
				CLANG_WARN_UNGUARDED_AVAILABILITY = YES_AGGRESSIVE;
				CLANG_WARN_UNREACHABLE_CODE = YES;
				CLANG_WARN__DUPLICATE_METHOD_MATCH = YES;
				COPY_PHASE_STRIP = NO;
				DEBUG_INFORMATION_FORMAT = dwarf;
				DEVELOPMENT_TEAM = 7N6VG94G2X;
				ENABLE_STRICT_OBJC_MSGSEND = YES;
				ENABLE_TESTABILITY = YES;
				ENABLE_USER_SCRIPT_SANDBOXING = YES;
				GCC_C_LANGUAGE_STANDARD = gnu17;
				GCC_DYNAMIC_NO_PIC = NO;
				GCC_NO_COMMON_BLOCKS = YES;
				GCC_OPTIMIZATION_LEVEL = 0;
				GCC_PREPROCESSOR_DEFINITIONS = (
					"DEBUG=1",
					"$(inherited)",
				);
				GCC_WARN_64_TO_32_BIT_CONVERSION = YES;
				GCC_WARN_ABOUT_RETURN_TYPE = YES_ERROR;
				GCC_WARN_UNDECLARED_SELECTOR = YES;
				GCC_WARN_UNINITIALIZED_AUTOS = YES_AGGRESSIVE;
				GCC_WARN_UNUSED_FUNCTION = YES;
				GCC_WARN_UNUSED_VARIABLE = YES;
				IPHONEOS_DEPLOYMENT_TARGET = 18.4;
				LOCALIZATION_PREFERS_STRING_CATALOGS = YES;
				MTL_ENABLE_DEBUG_INFO = INCLUDE_SOURCE;
				MTL_FAST_MATH = YES;
				ONLY_ACTIVE_ARCH = YES;
				SDKROOT = iphoneos;
				SWIFT_ACTIVE_COMPILATION_CONDITIONS = "DEBUG $(inherited)";
				SWIFT_OPTIMIZATION_LEVEL = "-Onone";
			};
			name = Debug;
		};
		2F1CB39C2DB1F1E400EE16A4 /* Release */ = {
			isa = XCBuildConfiguration;
			buildSettings = {
				ALWAYS_SEARCH_USER_PATHS = NO;
				ASSETCATALOG_COMPILER_GENERATE_SWIFT_ASSET_SYMBOL_EXTENSIONS = YES;
				CLANG_ANALYZER_NONNULL = YES;
				CLANG_ANALYZER_NUMBER_OBJECT_CONVERSION = YES_AGGRESSIVE;
				CLANG_CXX_LANGUAGE_STANDARD = "gnu++20";
				CLANG_ENABLE_MODULES = YES;
				CLANG_ENABLE_OBJC_ARC = YES;
				CLANG_ENABLE_OBJC_WEAK = YES;
				CLANG_WARN_BLOCK_CAPTURE_AUTORELEASING = YES;
				CLANG_WARN_BOOL_CONVERSION = YES;
				CLANG_WARN_COMMA = YES;
				CLANG_WARN_CONSTANT_CONVERSION = YES;
				CLANG_WARN_DEPRECATED_OBJC_IMPLEMENTATIONS = YES;
				CLANG_WARN_DIRECT_OBJC_ISA_USAGE = YES_ERROR;
				CLANG_WARN_DOCUMENTATION_COMMENTS = YES;
				CLANG_WARN_EMPTY_BODY = YES;
				CLANG_WARN_ENUM_CONVERSION = YES;
				CLANG_WARN_INFINITE_RECURSION = YES;
				CLANG_WARN_INT_CONVERSION = YES;
				CLANG_WARN_NON_LITERAL_NULL_CONVERSION = YES;
				CLANG_WARN_OBJC_IMPLICIT_RETAIN_SELF = YES;
				CLANG_WARN_OBJC_LITERAL_CONVERSION = YES;
				CLANG_WARN_OBJC_ROOT_CLASS = YES_ERROR;
				CLANG_WARN_QUOTED_INCLUDE_IN_FRAMEWORK_HEADER = YES;
				CLANG_WARN_RANGE_LOOP_ANALYSIS = YES;
				CLANG_WARN_STRICT_PROTOTYPES = YES;
				CLANG_WARN_SUSPICIOUS_MOVE = YES;
				CLANG_WARN_UNGUARDED_AVAILABILITY = YES_AGGRESSIVE;
				CLANG_WARN_UNREACHABLE_CODE = YES;
				CLANG_WARN__DUPLICATE_METHOD_MATCH = YES;
				COPY_PHASE_STRIP = NO;
				DEBUG_INFORMATION_FORMAT = "dwarf-with-dsym";
				DEVELOPMENT_TEAM = 7N6VG94G2X;
				ENABLE_NS_ASSERTIONS = NO;
				ENABLE_STRICT_OBJC_MSGSEND = YES;
				ENABLE_USER_SCRIPT_SANDBOXING = YES;
				GCC_C_LANGUAGE_STANDARD = gnu17;
				GCC_NO_COMMON_BLOCKS = YES;
				GCC_WARN_64_TO_32_BIT_CONVERSION = YES;
				GCC_WARN_ABOUT_RETURN_TYPE = YES_ERROR;
				GCC_WARN_UNDECLARED_SELECTOR = YES;
				GCC_WARN_UNINITIALIZED_AUTOS = YES_AGGRESSIVE;
				GCC_WARN_UNUSED_FUNCTION = YES;
				GCC_WARN_UNUSED_VARIABLE = YES;
				IPHONEOS_DEPLOYMENT_TARGET = 18.4;
				LOCALIZATION_PREFERS_STRING_CATALOGS = YES;
				MTL_ENABLE_DEBUG_INFO = NO;
				MTL_FAST_MATH = YES;
				SDKROOT = iphoneos;
				SWIFT_COMPILATION_MODE = wholemodule;
				VALIDATE_PRODUCT = YES;
			};
			name = Release;
		};
		2F1CB39E2DB1F1E400EE16A4 /* Debug */ = {
			isa = XCBuildConfiguration;
			buildSettings = {
				ASSETCATALOG_COMPILER_APPICON_NAME = AppIcon;
				ASSETCATALOG_COMPILER_GLOBAL_ACCENT_COLOR_NAME = AccentColor;
				ASSETCATALOG_COMPILER_INCLUDE_ALL_APPICON_ASSETS = NO;
				CODE_SIGN_STYLE = Automatic;
				CURRENT_PROJECT_VERSION = 1;
				DEVELOPMENT_TEAM = 7N6VG94G2X;
				ENABLE_PREVIEWS = YES;
				GENERATE_INFOPLIST_FILE = YES;
				INFOPLIST_KEY_UIApplicationSceneManifest_Generation = YES;
				INFOPLIST_KEY_UIApplicationSupportsIndirectInputEvents = YES;
				INFOPLIST_KEY_UILaunchScreen_Generation = YES;
				INFOPLIST_KEY_UISupportedInterfaceOrientations_iPad = "UIInterfaceOrientationPortrait UIInterfaceOrientationPortraitUpsideDown UIInterfaceOrientationLandscapeLeft UIInterfaceOrientationLandscapeRight";
				INFOPLIST_KEY_UISupportedInterfaceOrientations_iPhone = "UIInterfaceOrientationPortrait UIInterfaceOrientationLandscapeLeft UIInterfaceOrientationLandscapeRight";
				LD_RUNPATH_SEARCH_PATHS = (
					"$(inherited)",
					"@executable_path/Frameworks",
				);
				MARKETING_VERSION = 1.0.2;
				PRODUCT_BUNDLE_IDENTIFIER = com.palmcourt.prototypes.monikers;
				PRODUCT_NAME = "$(TARGET_NAME)";
				SWIFT_EMIT_LOC_STRINGS = YES;
				SWIFT_VERSION = 5.0;
				TARGETED_DEVICE_FAMILY = "1,2";
			};
			name = Debug;
		};
		2F1CB39F2DB1F1E400EE16A4 /* Release */ = {
			isa = XCBuildConfiguration;
			buildSettings = {
				ASSETCATALOG_COMPILER_APPICON_NAME = AppIcon;
				ASSETCATALOG_COMPILER_GLOBAL_ACCENT_COLOR_NAME = AccentColor;
				ASSETCATALOG_COMPILER_INCLUDE_ALL_APPICON_ASSETS = NO;
				CODE_SIGN_STYLE = Automatic;
				CURRENT_PROJECT_VERSION = 1;
				DEVELOPMENT_TEAM = 7N6VG94G2X;
				ENABLE_PREVIEWS = YES;
				GENERATE_INFOPLIST_FILE = YES;
				INFOPLIST_KEY_UIApplicationSceneManifest_Generation = YES;
				INFOPLIST_KEY_UIApplicationSupportsIndirectInputEvents = YES;
				INFOPLIST_KEY_UILaunchScreen_Generation = YES;
				INFOPLIST_KEY_UISupportedInterfaceOrientations_iPad = "UIInterfaceOrientationPortrait UIInterfaceOrientationPortraitUpsideDown UIInterfaceOrientationLandscapeLeft UIInterfaceOrientationLandscapeRight";
				INFOPLIST_KEY_UISupportedInterfaceOrientations_iPhone = "UIInterfaceOrientationPortrait UIInterfaceOrientationLandscapeLeft UIInterfaceOrientationLandscapeRight";
				LD_RUNPATH_SEARCH_PATHS = (
					"$(inherited)",
					"@executable_path/Frameworks",
				);
				MARKETING_VERSION = 1.0.2;
				PRODUCT_BUNDLE_IDENTIFIER = com.palmcourt.prototypes.monikers;
				PRODUCT_NAME = "$(TARGET_NAME)";
				SWIFT_EMIT_LOC_STRINGS = YES;
				SWIFT_VERSION = 5.0;
				TARGETED_DEVICE_FAMILY = "1,2";
			};
			name = Release;
		};
		2F1CB3A12DB1F1E400EE16A4 /* Debug */ = {
			isa = XCBuildConfiguration;
			buildSettings = {
				BUNDLE_LOADER = "$(TEST_HOST)";
				CODE_SIGN_STYLE = Automatic;
				CURRENT_PROJECT_VERSION = 1;
				DEVELOPMENT_TEAM = 7N6VG94G2X;
				GENERATE_INFOPLIST_FILE = YES;
				IPHONEOS_DEPLOYMENT_TARGET = 18.4;
				MARKETING_VERSION = 1.0;
				PRODUCT_BUNDLE_IDENTIFIER = Justin.MonikersTests;
				PRODUCT_NAME = "$(TARGET_NAME)";
				SWIFT_EMIT_LOC_STRINGS = NO;
				SWIFT_VERSION = 5.0;
				TARGETED_DEVICE_FAMILY = "1,2";
				TEST_HOST = "$(BUILT_PRODUCTS_DIR)/Monikers.app/$(BUNDLE_EXECUTABLE_FOLDER_PATH)/Monikers";
			};
			name = Debug;
		};
		2F1CB3A22DB1F1E400EE16A4 /* Release */ = {
			isa = XCBuildConfiguration;
			buildSettings = {
				BUNDLE_LOADER = "$(TEST_HOST)";
				CODE_SIGN_STYLE = Automatic;
				CURRENT_PROJECT_VERSION = 1;
				DEVELOPMENT_TEAM = 7N6VG94G2X;
				GENERATE_INFOPLIST_FILE = YES;
				IPHONEOS_DEPLOYMENT_TARGET = 18.4;
				MARKETING_VERSION = 1.0;
				PRODUCT_BUNDLE_IDENTIFIER = Justin.MonikersTests;
				PRODUCT_NAME = "$(TARGET_NAME)";
				SWIFT_EMIT_LOC_STRINGS = NO;
				SWIFT_VERSION = 5.0;
				TARGETED_DEVICE_FAMILY = "1,2";
				TEST_HOST = "$(BUILT_PRODUCTS_DIR)/Monikers.app/$(BUNDLE_EXECUTABLE_FOLDER_PATH)/Monikers";
			};
			name = Release;
		};
		2F1CB3A42DB1F1E400EE16A4 /* Debug */ = {
			isa = XCBuildConfiguration;
			buildSettings = {
				CODE_SIGN_STYLE = Automatic;
				CURRENT_PROJECT_VERSION = 1;
				DEVELOPMENT_TEAM = 7N6VG94G2X;
				GENERATE_INFOPLIST_FILE = YES;
				MARKETING_VERSION = 1.0;
				PRODUCT_BUNDLE_IDENTIFIER = Justin.MonikersUITests;
				PRODUCT_NAME = "$(TARGET_NAME)";
				SWIFT_EMIT_LOC_STRINGS = NO;
				SWIFT_VERSION = 5.0;
				TARGETED_DEVICE_FAMILY = "1,2";
				TEST_TARGET_NAME = Monikers;
			};
			name = Debug;
		};
		2F1CB3A52DB1F1E400EE16A4 /* Release */ = {
			isa = XCBuildConfiguration;
			buildSettings = {
				CODE_SIGN_STYLE = Automatic;
				CURRENT_PROJECT_VERSION = 1;
				DEVELOPMENT_TEAM = 7N6VG94G2X;
				GENERATE_INFOPLIST_FILE = YES;
				MARKETING_VERSION = 1.0;
				PRODUCT_BUNDLE_IDENTIFIER = Justin.MonikersUITests;
				PRODUCT_NAME = "$(TARGET_NAME)";
				SWIFT_EMIT_LOC_STRINGS = NO;
				SWIFT_VERSION = 5.0;
				TARGETED_DEVICE_FAMILY = "1,2";
				TEST_TARGET_NAME = Monikers;
			};
			name = Release;
		};
/* End XCBuildConfiguration section */

/* Begin XCConfigurationList section */
		2F1CB3772DB1F1E300EE16A4 /* Build configuration list for PBXProject "Monikers" */ = {
			isa = XCConfigurationList;
			buildConfigurations = (
				2F1CB39B2DB1F1E400EE16A4 /* Debug */,
				2F1CB39C2DB1F1E400EE16A4 /* Release */,
			);
			defaultConfigurationIsVisible = 0;
			defaultConfigurationName = Release;
		};
		2F1CB39D2DB1F1E400EE16A4 /* Build configuration list for PBXNativeTarget "Monikers" */ = {
			isa = XCConfigurationList;
			buildConfigurations = (
				2F1CB39E2DB1F1E400EE16A4 /* Debug */,
				2F1CB39F2DB1F1E400EE16A4 /* Release */,
			);
			defaultConfigurationIsVisible = 0;
			defaultConfigurationName = Release;
		};
		2F1CB3A02DB1F1E400EE16A4 /* Build configuration list for PBXNativeTarget "MonikersTests" */ = {
			isa = XCConfigurationList;
			buildConfigurations = (
				2F1CB3A12DB1F1E400EE16A4 /* Debug */,
				2F1CB3A22DB1F1E400EE16A4 /* Release */,
			);
			defaultConfigurationIsVisible = 0;
			defaultConfigurationName = Release;
		};
		2F1CB3A32DB1F1E400EE16A4 /* Build configuration list for PBXNativeTarget "MonikersUITests" */ = {
			isa = XCConfigurationList;
			buildConfigurations = (
				2F1CB3A42DB1F1E400EE16A4 /* Debug */,
				2F1CB3A52DB1F1E400EE16A4 /* Release */,
			);
			defaultConfigurationIsVisible = 0;
			defaultConfigurationName = Release;
		};
/* End XCConfigurationList section */
	};
	rootObject = 2F1CB3742DB1F1E300EE16A4 /* Project object */;
}
